
Microsoft Visual Studio Solution File, Format Version 12.00
# Visual Studio Version 16
VisualStudioVersion = 16.0.28917.181
MinimumVisualStudioVersion = 10.0.40219.1
Project("{FAE04EC0-301F-11D3-BF4B-00C04F79EFBC}") = "spoj", "spoj\spoj.csproj", "{66086E86-57BF-4E63-B868-BD86B1F7DCEC}"
EndProject
Project("{FAE04EC0-301F-11D3-BF4B-00C04F79EFBC}") = "Tests", "LiczbyPierwszeTests\Tests.csproj", "{D95DB7C6-3B24-4633-B334-2320DEC543E8}"
EndProject
Global
	GlobalSection(SolutionConfigurationPlatforms) = preSolution
		Debug|Any CPU = Debug|Any CPU
		Release|Any CPU = Release|Any CPU
	EndGlobalSection
	GlobalSection(ProjectConfigurationPlatforms) = postSolution
		{66086E86-57BF-4E63-B868-BD86B1F7DCEC}.Debug|Any CPU.ActiveCfg = Debug|Any CPU
		{66086E86-57BF-4E63-B868-BD86B1F7DCEC}.Debug|Any CPU.Build.0 = Debug|Any CPU
		{66086E86-57BF-4E63-B868-BD86B1F7DCEC}.Release|Any CPU.ActiveCfg = Release|Any CPU
		{66086E86-57BF-4E63-B868-BD86B1F7DCEC}.Release|Any CPU.Build.0 = Release|Any CPU
		{D95DB7C6-3B24-4633-B334-2320DEC543E8}.Debug|Any CPU.ActiveCfg = Debug|Any CPU
		{D95DB7C6-3B24-4633-B334-2320DEC543E8}.Debug|Any CPU.Build.0 = Debug|Any CPU
		{D95DB7C6-3B24-4633-B334-2320DEC543E8}.Release|Any CPU.ActiveCfg = Release|Any CPU
		{D95DB7C6-3B24-4633-B334-2320DEC543E8}.Release|Any CPU.Build.0 = Release|Any CPU
	EndGlobalSection
	GlobalSection(SolutionProperties) = preSolution
		HideSolutionNode = FALSE
	EndGlobalSection
	GlobalSection(ExtensibilityGlobals) = postSolution
		SolutionGuid = {8E282C1F-479D-4248-8481-F99AC1DB0AE4}
	EndGlobalSection
EndGlobal
